<?xml version="1.0" encoding="utf-8"?>
<Project ToolsVersion="4.0" xmlns="http://schemas.microsoft.com/developer/msbuild/2003">
  <ItemGroup>
    <ClCompile Include="main.cpp" />
  </ItemGroup>
  <ItemGroup>
    <ClInclude Include="BytecodeTests.h" />
    <ClInclude Include="CompilerTests.h" />
    <ClInclude Include="ParserTests.h" />
    <ClInclude Include="TokenizerTests.h" />
    <ClInclude Include="FakeLoggerForCompilerTests.h">
      <Filter>Helpers</Filter>
    </ClInclude>
    <ClInclude Include="FakeLoggerForParserTests.h">
      <Filter>Helpers</Filter>
    </ClInclude>
    <ClInclude Include="FakeRuntimeEnvironment.h">
      <Filter>Helpers</Filter>
    </ClInclude>
    <ClInclude Include="FakeVirtualMachine.h">
      <Filter>Helpers</Filter>
    </ClInclude>
    <ClInclude Include="SourceCodeTests.h" />
    <ClInclude Include="RuntimeEnvironmentTests.h" />
    <ClInclude Include="VirtualMachineTests.h" />
    <ClInclude Include="StackTests.h" />
    <ClInclude Include="HashArrayTests.h" />
  </ItemGroup>
  <ItemGroup>
    <Filter Include="Helpers">
      <UniqueIdentifier>{22c7a000-dfbd-4077-af6a-214e8c736d57}</UniqueIdentifier>
    </Filter>
  </ItemGroup>
</Project>