<?xml version="1.0" encoding="utf-8"?>
<Project ToolsVersion="4.0" xmlns="http://schemas.microsoft.com/developer/msbuild/2003">
  <ItemGroup>
    <Filter Include="src">
      <UniqueIdentifier>{2621b6a8-2c77-4855-8781-2f6b0f8e5c71}</UniqueIdentifier>
    </Filter>
    <Filter Include="src\syntax">
      <UniqueIdentifier>{dfad668b-688d-45e3-8aea-324ca05604e0}</UniqueIdentifier>
    </Filter>
    <Filter Include="src\compiler">
      <UniqueIdentifier>{54c0e3fc-cfca-4944-8ad2-041bf0bf9db8}</UniqueIdentifier>
    </Filter>
    <Filter Include="src\vm">
      <UniqueIdentifier>{76c9d278-e096-448b-9cc9-7d138457ab89}</UniqueIdentifier>
    </Filter>
    <Filter Include="src\core">
      <UniqueIdentifier>{16a39384-eab4-4ee4-9df7-c02ca96827d9}</UniqueIdentifier>
    </Filter>
    <Filter Include="src\libs">
      <UniqueIdentifier>{2879fefc-c105-4884-a41d-07129449d121}</UniqueIdentifier>
    </Filter>
    <Filter Include="src\log">
      <UniqueIdentifier>{d7679eee-22b5-4a01-be76-adba809d0616}</UniqueIdentifier>
    </Filter>
    <Filter Include="include">
      <UniqueIdentifier>{23ff9899-f030-4c30-a70f-1654a99ce85b}</UniqueIdentifier>
    </Filter>
  </ItemGroup>
  <ItemGroup>
    <ClCompile Include="Sources\Parser.cpp">
      <Filter>src\syntax</Filter>
    </ClCompile>
    <ClCompile Include="Sources\TreeNode.cpp">
      <Filter>src\syntax</Filter>
    </ClCompile>
    <ClCompile Include="Sources\Tokenizer.cpp">
      <Filter>src\syntax</Filter>
    </ClCompile>
    <ClCompile Include="Sources\Compiler.cpp">
      <Filter>src\compiler</Filter>
    </ClCompile>
    <ClCompile Include="Sources\Bytecode.cpp">
      <Filter>src\compiler</Filter>
    </ClCompile>
    <ClCompile Include="Sources\RuntimeEnvironment.cpp">
      <Filter>src\vm</Filter>
    </ClCompile>
    <ClCompile Include="Sources\Var.cpp">
      <Filter>src\vm</Filter>
    </ClCompile>
    <ClCompile Include="Sources\StaticIoLibrary.cpp">
      <Filter>src\libs</Filter>
    </ClCompile>
    <ClCompile Include="Sources\ConsoleLogger.cpp">
      <Filter>src\log</Filter>
    </ClCompile>
    <ClCompile Include="Sources\FileLogger.cpp">
      <Filter>src\log</Filter>
    </ClCompile>
    <ClCompile Include="Sources\FileSourceCodeProvider.cpp">
      <Filter>src\core</Filter>
    </ClCompile>
    <ClCompile Include="Sources\HashArray.cpp">
      <Filter>src\core</Filter>
    </ClCompile>
    <ClCompile Include="Sources\InternalFunctionsLibrary.cpp">
      <Filter>src\core</Filter>
    </ClCompile>
    <ClCompile Include="Sources\RapleEngine.cpp">
      <Filter>src\core</Filter>
    </ClCompile>
    <ClCompile Include="Sources\SourceCode.cpp">
      <Filter>src\core</Filter>
    </ClCompile>
    <ClCompile Include="Sources\String.cpp">
      <Filter>src\core</Filter>
    </ClCompile>
    <ClCompile Include="main.cpp" />
  </ItemGroup>
  <ItemGroup>
    <ClInclude Include="Headers\IParser.h">
      <Filter>src\syntax</Filter>
    </ClInclude>
    <ClInclude Include="Headers\NodeDefinition.h">
      <Filter>src\syntax</Filter>
    </ClInclude>
    <ClInclude Include="Headers\Parser.h">
      <Filter>src\syntax</Filter>
    </ClInclude>
    <ClInclude Include="Headers\ParserBase.h">
      <Filter>src\syntax</Filter>
    </ClInclude>
    <ClInclude Include="Headers\TreeNode.h">
      <Filter>src\syntax</Filter>
    </ClInclude>
    <ClInclude Include="Headers\ITokenizer.h">
      <Filter>src\syntax</Filter>
    </ClInclude>
    <ClInclude Include="Headers\Token.h">
      <Filter>src\syntax</Filter>
    </ClInclude>
    <ClInclude Include="Headers\TokenDefinition.h">
      <Filter>src\syntax</Filter>
    </ClInclude>
    <ClInclude Include="Headers\Tokenizer.h">
      <Filter>src\syntax</Filter>
    </ClInclude>
    <ClInclude Include="Headers\Compiler.h">
      <Filter>src\compiler</Filter>
    </ClInclude>
    <ClInclude Include="Headers\CompileResult.h">
      <Filter>src\compiler</Filter>
    </ClInclude>
    <ClInclude Include="Headers\ICompiler.h">
      <Filter>src\compiler</Filter>
    </ClInclude>
    <ClInclude Include="Headers\Bytecode.h">
      <Filter>src\compiler</Filter>
    </ClInclude>
    <ClInclude Include="Headers\Opcode.h">
      <Filter>src\compiler</Filter>
    </ClInclude>
    <ClInclude Include="Headers\Instruction.h">
      <Filter>src\compiler</Filter>
    </ClInclude>
    <ClInclude Include="Headers\CallStackFrame.h">
      <Filter>src\vm</Filter>
    </ClInclude>
    <ClInclude Include="Headers\IRuntimeEnvironment.h">
      <Filter>src\vm</Filter>
    </ClInclude>
    <ClInclude Include="Headers\IVirtualMachine.h">
      <Filter>src\vm</Filter>
    </ClInclude>
    <ClInclude Include="Headers\RuntimeEnvironment.h">
      <Filter>src\vm</Filter>
    </ClInclude>
    <ClInclude Include="Headers\Sub.h">
      <Filter>src\vm</Filter>
    </ClInclude>
    <ClInclude Include="Headers\Var.h">
      <Filter>src\vm</Filter>
    </ClInclude>
    <ClInclude Include="Headers\VirtualMachine.h">
      <Filter>src\vm</Filter>
    </ClInclude>
    <ClInclude Include="Headers\VirtualMachineResult.h">
      <Filter>src\vm</Filter>
    </ClInclude>
    <ClInclude Include="Sources\VirtualMachine.cpp">
      <Filter>src\vm</Filter>
    </ClInclude>
    <ClInclude Include="Headers\StaticIoLibrary.h">
      <Filter>src\libs</Filter>
    </ClInclude>
    <ClInclude Include="Headers\StaticMathLibrary.h">
      <Filter>src\libs</Filter>
    </ClInclude>
    <ClInclude Include="Headers\StdLibrary.h">
      <Filter>src\libs</Filter>
    </ClInclude>
    <ClInclude Include="Headers\StringsLibrary.h">
      <Filter>src\libs</Filter>
    </ClInclude>
    <ClInclude Include="Headers\ConsoleLogger.h">
      <Filter>src\log</Filter>
    </ClInclude>
    <ClInclude Include="Headers\FileLogger.h">
      <Filter>src\log</Filter>
    </ClInclude>
    <ClInclude Include="Headers\ILogger.h">
      <Filter>src\log</Filter>
    </ClInclude>
    <ClInclude Include="Headers\Constants.h">
      <Filter>src\core</Filter>
    </ClInclude>
    <ClInclude Include="Headers\Convert.h">
      <Filter>src\core</Filter>
    </ClInclude>
    <ClInclude Include="Headers\FileSourceCodeProvider.h">
      <Filter>src\core</Filter>
    </ClInclude>
    <ClInclude Include="Headers\HashArray.h">
      <Filter>src\core</Filter>
    </ClInclude>
    <ClInclude Include="Headers\HashArrayEntry.h">
      <Filter>src\core</Filter>
    </ClInclude>
    <ClInclude Include="Headers\ILibrary.h">
      <Filter>src\core</Filter>
    </ClInclude>
    <ClInclude Include="Headers\InternalFunctionsLibrary.h">
      <Filter>src\core</Filter>
    </ClInclude>
    <ClInclude Include="Headers\IRapleEngine.h">
      <Filter>src\core</Filter>
    </ClInclude>
    <ClInclude Include="Headers\ISourceCodeProvider.h">
      <Filter>src\core</Filter>
    </ClInclude>
    <ClInclude Include="Headers\IStaticLibrary.h">
      <Filter>src\core</Filter>
    </ClInclude>
    <ClInclude Include="Headers\RapleEngine.h">
      <Filter>src\core</Filter>
    </ClInclude>
    <ClInclude Include="Headers\SourceCode.h">
      <Filter>src\core</Filter>
    </ClInclude>
    <ClInclude Include="Headers\Stack.h">
      <Filter>src\core</Filter>
    </ClInclude>
    <ClInclude Include="Headers\StaticLibraryBase.h">
      <Filter>src\core</Filter>
    </ClInclude>
    <ClInclude Include="Headers\String.h">
      <Filter>src\core</Filter>
    </ClInclude>
    <ClInclude Include="Headers\System.h">
      <Filter>src\core</Filter>
    </ClInclude>
    <ClInclude Include="Headers\tinydir.h">
      <Filter>include</Filter>
    </ClInclude>
  </ItemGroup>
</Project>